dependencies:
  idf:
    component_hash: null
    source:
      type: idf
    version: 5.2.1
  lvgl/lvgl:
    component_hash: 948bff879a345149b83065535bbc4a026ce9f47498a22881e432a264b9098015
    source:
      storage_url: file:///D:/esp/idf/Espressif/registry
      type: service
    version: 8.3.11
manifest_hash: 347c23ffa5058050ed43f0da2aa39af86693cea9ecba290dc4ad0f8f472bba61
target: esp32c3
version: 1.0.0
